
Microsoft Visual Studio Solution File, Format Version 12.00
# Visual Studio 14
VisualStudioVersion = 14.0.24720.0
MinimumVisualStudioVersion = 10.0.40219.1
Project("{FAE04EC0-301F-11D3-BF4B-00C04F79EFBC}") = "multiplication table 5 by 5", "multiplication table 5 by 5\multiplication table 5 by 5.csproj", "{F2D5F4AF-1C4B-4632-8E0D-AFAFA216CD2E}"
EndProject
Global
	GlobalSection(SolutionConfigurationPlatforms) = preSolution
		Debug|Any CPU = Debug|Any CPU
		Release|Any CPU = Release|Any CPU
	EndGlobalSection
	GlobalSection(ProjectConfigurationPlatforms) = postSolution
		{F2D5F4AF-1C4B-4632-8E0D-AFAFA216CD2E}.Debug|Any CPU.ActiveCfg = Debug|Any CPU
		{F2D5F4AF-1C4B-4632-8E0D-AFAFA216CD2E}.Debug|Any CPU.Build.0 = Debug|Any CPU
		{F2D5F4AF-1C4B-4632-8E0D-AFAFA216CD2E}.Release|Any CPU.ActiveCfg = Release|Any CPU
		{F2D5F4AF-1C4B-4632-8E0D-AFAFA216CD2E}.Release|Any CPU.Build.0 = Release|Any CPU
	EndGlobalSection
	GlobalSection(SolutionProperties) = preSolution
		HideSolutionNode = FALSE
	EndGlobalSection
EndGlobal
